
Microsoft Visual Studio Solution File, Format Version 12.00
Project("{FAE04EC0-301F-11D3-BF4B-00C04F79EFBC}") = "SpotShim", "SpotShim\SpotShim.csproj", "{BD815EA0-BBCC-47F4-A53D-317707CE46EE}"
EndProject
Global
	GlobalSection(SolutionConfigurationPlatforms) = preSolution
		Debug|Any CPU = Debug|Any CPU
		Release|Any CPU = Release|Any CPU
	EndGlobalSection
	GlobalSection(ProjectConfigurationPlatforms) = postSolution
		{BD815EA0-BBCC-47F4-A53D-317707CE46EE}.Debug|Any CPU.ActiveCfg = Debug|Any CPU
		{BD815EA0-BBCC-47F4-A53D-317707CE46EE}.Debug|Any CPU.Build.0 = Debug|Any CPU
		{BD815EA0-BBCC-47F4-A53D-317707CE46EE}.Release|Any CPU.ActiveCfg = Release|Any CPU
		{BD815EA0-BBCC-47F4-A53D-317707CE46EE}.Release|Any CPU.Build.0 = Release|Any CPU
	EndGlobalSection
EndGlobal
