
Microsoft Visual Studio Solution File, Format Version 12.00
# Visual Studio 15
VisualStudioVersion = 15.0.27703.2000
MinimumVisualStudioVersion = 10.0.40219.1
Project("{9A19103F-16F7-4668-BE54-9A1E7A4F7556}") = "DocsLinter", "DocsLinter\DocsLinter.csproj", "{A8D920E3-1239-4280-9FD8-CEB5D013DE45}"
EndProject
Project("{9A19103F-16F7-4668-BE54-9A1E7A4F7556}") = "UnityPaths", "UnityPaths\UnityPaths.csproj", "{6B5EDA68-527B-4A29-9E82-F3F384C12663}"
EndProject
Project("{9A19103F-16F7-4668-BE54-9A1E7A4F7556}") = "RunUnity", "RunUnity\RunUnity.csproj", "{EC601956-117E-484C-A813-5E500DAFFDB2}"
EndProject
Global
	GlobalSection(SolutionConfigurationPlatforms) = preSolution
		Debug|Any CPU = Debug|Any CPU
		Release|Any CPU = Release|Any CPU
	EndGlobalSection
	GlobalSection(ProjectConfigurationPlatforms) = postSolution
		{A8D920E3-1239-4280-9FD8-CEB5D013DE45}.Debug|Any CPU.ActiveCfg = Debug|Any CPU
		{A8D920E3-1239-4280-9FD8-CEB5D013DE45}.Debug|Any CPU.Build.0 = Debug|Any CPU
		{A8D920E3-1239-4280-9FD8-CEB5D013DE45}.Release|Any CPU.ActiveCfg = Release|Any CPU
		{A8D920E3-1239-4280-9FD8-CEB5D013DE45}.Release|Any CPU.Build.0 = Release|Any CPU
		{6B5EDA68-527B-4A29-9E82-F3F384C12663}.Debug|Any CPU.ActiveCfg = Debug|Any CPU
		{6B5EDA68-527B-4A29-9E82-F3F384C12663}.Debug|Any CPU.Build.0 = Debug|Any CPU
		{6B5EDA68-527B-4A29-9E82-F3F384C12663}.Release|Any CPU.ActiveCfg = Release|Any CPU
		{6B5EDA68-527B-4A29-9E82-F3F384C12663}.Release|Any CPU.Build.0 = Release|Any CPU
		{EC601956-117E-484C-A813-5E500DAFFDB2}.Debug|Any CPU.ActiveCfg = Debug|Any CPU
		{EC601956-117E-484C-A813-5E500DAFFDB2}.Debug|Any CPU.Build.0 = Debug|Any CPU
		{EC601956-117E-484C-A813-5E500DAFFDB2}.Release|Any CPU.ActiveCfg = Release|Any CPU
		{EC601956-117E-484C-A813-5E500DAFFDB2}.Release|Any CPU.Build.0 = Release|Any CPU
	EndGlobalSection
	GlobalSection(SolutionProperties) = preSolution
		HideSolutionNode = FALSE
	EndGlobalSection
	GlobalSection(ExtensibilityGlobals) = postSolution
		SolutionGuid = {D2487644-D63B-4B59-842F-5BAF4F2C2C06}
	EndGlobalSection
EndGlobal
