
Microsoft Visual Studio Solution File, Format Version 12.00
# Visual Studio 15
VisualStudioVersion = 15.0.27428.2015
MinimumVisualStudioVersion = 10.0.40219.1
Project("{9A19103F-16F7-4668-BE54-9A1E7A4F7556}") = "GdkCodeGenerator", "GdkCodeGenerator\GdkCodeGenerator.csproj", "{0E99E545-DB2F-4A39-B428-471858BC6010}"
	ProjectSection(ProjectDependencies) = postProject
		{69CD28E2-1217-47A9-BFFE-6D82701C4839} = {69CD28E2-1217-47A9-BFFE-6D82701C4839}
	EndProjectSection
EndProject
Project("{9A19103F-16F7-4668-BE54-9A1E7A4F7556}") = "Mono.TextTemplating", "Mono.TextTemplating\Mono.TextTemplating.csproj", "{79A38ECA-045D-4C5A-A180-E3E0B37ADFB9}"
EndProject
Project("{9A19103F-16F7-4668-BE54-9A1E7A4F7556}") = "Improbable.TextTemplating", "Improbable.TextTemplating\Improbable.TextTemplating.csproj", "{69CD28E2-1217-47A9-BFFE-6D82701C4839}"
EndProject
Project("{FAE04EC0-301F-11D3-BF4B-00C04F79EFBC}") = "CodeGeneration", "CodeGeneration\CodeGeneration.csproj", "{8E7F9819-2E8E-49B7-8640-CDA500E8DCA4}"
EndProject
Global
	GlobalSection(SolutionConfigurationPlatforms) = preSolution
		Debug|Any CPU = Debug|Any CPU
		Release|Any CPU = Release|Any CPU
	EndGlobalSection
	GlobalSection(ProjectConfigurationPlatforms) = postSolution
		{0E99E545-DB2F-4A39-B428-471858BC6010}.Debug|Any CPU.ActiveCfg = Debug|Any CPU
		{0E99E545-DB2F-4A39-B428-471858BC6010}.Debug|Any CPU.Build.0 = Debug|Any CPU
		{0E99E545-DB2F-4A39-B428-471858BC6010}.Release|Any CPU.ActiveCfg = Release|Any CPU
		{0E99E545-DB2F-4A39-B428-471858BC6010}.Release|Any CPU.Build.0 = Release|Any CPU
		{79A38ECA-045D-4C5A-A180-E3E0B37ADFB9}.Debug|Any CPU.ActiveCfg = Debug|Any CPU
		{79A38ECA-045D-4C5A-A180-E3E0B37ADFB9}.Debug|Any CPU.Build.0 = Debug|Any CPU
		{79A38ECA-045D-4C5A-A180-E3E0B37ADFB9}.Release|Any CPU.ActiveCfg = Release|Any CPU
		{79A38ECA-045D-4C5A-A180-E3E0B37ADFB9}.Release|Any CPU.Build.0 = Release|Any CPU
		{69CD28E2-1217-47A9-BFFE-6D82701C4839}.Debug|Any CPU.ActiveCfg = Debug|Any CPU
		{69CD28E2-1217-47A9-BFFE-6D82701C4839}.Debug|Any CPU.Build.0 = Debug|Any CPU
		{69CD28E2-1217-47A9-BFFE-6D82701C4839}.Release|Any CPU.ActiveCfg = Release|Any CPU
		{69CD28E2-1217-47A9-BFFE-6D82701C4839}.Release|Any CPU.Build.0 = Release|Any CPU
		{8E7F9819-2E8E-49B7-8640-CDA500E8DCA4}.Debug|Any CPU.ActiveCfg = Debug|Any CPU
		{8E7F9819-2E8E-49B7-8640-CDA500E8DCA4}.Debug|Any CPU.Build.0 = Debug|Any CPU
		{8E7F9819-2E8E-49B7-8640-CDA500E8DCA4}.Release|Any CPU.ActiveCfg = Release|Any CPU
		{8E7F9819-2E8E-49B7-8640-CDA500E8DCA4}.Release|Any CPU.Build.0 = Release|Any CPU
	EndGlobalSection
	GlobalSection(SolutionProperties) = preSolution
		HideSolutionNode = FALSE
	EndGlobalSection
	GlobalSection(ExtensibilityGlobals) = postSolution
		SolutionGuid = {C66B5E5E-7454-46DB-A4D5-3D9BCCE7CE5B}
	EndGlobalSection
EndGlobal
