
Microsoft Visual Studio Solution File, Format Version 12.00
# Visual Studio 15
VisualStudioVersion = 15.0.27428.2043
MinimumVisualStudioVersion = 10.0.40219.1
Project("{9A19103F-16F7-4668-BE54-9A1E7A4F7556}") = "Generated", "GeneratedDependencies\Generated.csproj", "{AE601BA2-7D6A-4F6B-82A7-4CEE0C17C11B}"
EndProject
Project("{9A19103F-16F7-4668-BE54-9A1E7A4F7556}") = "Tests", "Tests\Tests.csproj", "{88C54623-EB81-46EA-B611-C97DEA5215AD}"
EndProject
Global
	GlobalSection(SolutionConfigurationPlatforms) = preSolution
		Debug|Any CPU = Debug|Any CPU
		Release|Any CPU = Release|Any CPU
	EndGlobalSection
	GlobalSection(ProjectConfigurationPlatforms) = postSolution
		{AE601BA2-7D6A-4F6B-82A7-4CEE0C17C11B}.Debug|Any CPU.ActiveCfg = Debug|Any CPU
		{AE601BA2-7D6A-4F6B-82A7-4CEE0C17C11B}.Debug|Any CPU.Build.0 = Debug|Any CPU
		{AE601BA2-7D6A-4F6B-82A7-4CEE0C17C11B}.Release|Any CPU.ActiveCfg = Release|Any CPU
		{AE601BA2-7D6A-4F6B-82A7-4CEE0C17C11B}.Release|Any CPU.Build.0 = Release|Any CPU
		{88C54623-EB81-46EA-B611-C97DEA5215AD}.Debug|Any CPU.ActiveCfg = Debug|Any CPU
		{88C54623-EB81-46EA-B611-C97DEA5215AD}.Debug|Any CPU.Build.0 = Debug|Any CPU
		{88C54623-EB81-46EA-B611-C97DEA5215AD}.Release|Any CPU.ActiveCfg = Release|Any CPU
		{88C54623-EB81-46EA-B611-C97DEA5215AD}.Release|Any CPU.Build.0 = Release|Any CPU
	EndGlobalSection
	GlobalSection(SolutionProperties) = preSolution
		HideSolutionNode = FALSE
	EndGlobalSection
	GlobalSection(ExtensibilityGlobals) = postSolution
		SolutionGuid = {CFAE69E5-A924-47CF-A839-0251A3D20121}
	EndGlobalSection
EndGlobal
